// !$*UTF8*$!
{
	archiveVersion = 1;
	classes = {
	};
	objectVersion = 77;
	objects = {

/* Begin PBXContainerItemProxy section */
		75C7BADF2E6CBD6900F83E27 /* PBXContainerItemProxy */ = {
			isa = PBXContainerItemProxy;
			containerPortal = 75C7BAC92E6CBD6900F83E27 /* Project object */;
			proxyType = 1;
			remoteGlobalIDString = 75C7BAD02E6CBD6900F83E27;
			remoteInfo = BeaconDectector;
		};
		75C7BAE92E6CBD6A00F83E27 /* PBXContainerItemProxy */ = {
			isa = PBXContainerItemProxy;
			containerPortal = 75C7BAC92E6CBD6900F83E27 /* Project object */;
			proxyType = 1;
			remoteGlobalIDString = 75C7BAD02E6CBD6900F83E27;
			remoteInfo = BeaconDectector;
		};
/* End PBXContainerItemProxy section */

/* Begin PBXFileReference section */
		75C7BAD12E6CBD6900F83E27 /* BeaconDectector.app */ = {isa = PBXFileReference; explicitFileType = wrapper.application; includeInIndex = 0; path = BeaconDectector.app; sourceTree = BUILT_PRODUCTS_DIR; };
		75C7BADE2E6CBD6900F83E27 /* BeaconDectectorTests.xctest */ = {isa = PBXFileReference; explicitFileType = wrapper.cfbundle; includeInIndex = 0; path = BeaconDectectorTests.xctest; sourceTree = BUILT_PRODUCTS_DIR; };
		75C7BAE82E6CBD6A00F83E27 /* BeaconDectectorUITests.xctest */ = {isa = PBXFileReference; explicitFileType = wrapper.cfbundle; includeInIndex = 0; path = BeaconDectectorUITests.xctest; sourceTree = BUILT_PRODUCTS_DIR; };
/* End PBXFileReference section */

/* Begin PBXFileSystemSynchronizedRootGroup section */
		75C7BAD32E6CBD6900F83E27 /* BeaconDectector */ = {
			isa = PBXFileSystemSynchronizedRootGroup;
			path = BeaconDectector;
			sourceTree = "<group>";
		};
		75C7BAE12E6CBD6900F83E27 /* BeaconDectectorTests */ = {
			isa = PBXFileSystemSynchronizedRootGroup;
			path = BeaconDectectorTests;
			sourceTree = "<group>";
		};
		75C7BAEB2E6CBD6A00F83E27 /* BeaconDectectorUITests */ = {
			isa = PBXFileSystemSynchronizedRootGroup;
			path = BeaconDectectorUITests;
			sourceTree = "<group>";
		};
/* End PBXFileSystemSynchronizedRootGroup section */

/* Begin PBXFrameworksBuildPhase section */
		75C7BACE2E6CBD6900F83E27 /* Frameworks */ = {
			isa = PBXFrameworksBuildPhase;
			buildActionMask = 2147483647;
			files = (
			);
			runOnlyForDeploymentPostprocessing = 0;
		};
		75C7BADB2E6CBD6900F83E27 /* Frameworks */ = {
			isa = PBXFrameworksBuildPhase;
			buildActionMask = 2147483647;
			files = (
			);
			runOnlyForDeploymentPostprocessing = 0;
		};
		75C7BAE52E6CBD6A00F83E27 /* Frameworks */ = {
			isa = PBXFrameworksBuildPhase;
			buildActionMask = 2147483647;
			files = (
			);
			runOnlyForDeploymentPostprocessing = 0;
		};
/* End PBXFrameworksBuildPhase section */

/* Begin PBXGroup section */
		75C7BAC82E6CBD6900F83E27 = {
			isa = PBXGroup;
			children = (
				75C7BAD32E6CBD6900F83E27 /* BeaconDectector */,
				75C7BAE12E6CBD6900F83E27 /* BeaconDectectorTests */,
				75C7BAEB2E6CBD6A00F83E27 /* BeaconDectectorUITests */,
				75C7BAD22E6CBD6900F83E27 /* Products */,
			);
			sourceTree = "<group>";
		};
		75C7BAD22E6CBD6900F83E27 /* Products */ = {
			isa = PBXGroup;
			children = (
				75C7BAD12E6CBD6900F83E27 /* BeaconDectector.app */,
				75C7BADE2E6CBD6900F83E27 /* BeaconDectectorTests.xctest */,
				75C7BAE82E6CBD6A00F83E27 /* BeaconDectectorUITests.xctest */,
			);
			name = Products;
			sourceTree = "<group>";
		};
/* End PBXGroup section */

/* Begin PBXNativeTarget section */
		75C7BAD02E6CBD6900F83E27 /* BeaconDectector */ = {
			isa = PBXNativeTarget;
			buildConfigurationList = 75C7BAF22E6CBD6A00F83E27 /* Build configuration list for PBXNativeTarget "BeaconDectector" */;
			buildPhases = (
				75C7BACD2E6CBD6900F83E27 /* Sources */,
				75C7BACE2E6CBD6900F83E27 /* Frameworks */,
				75C7BACF2E6CBD6900F83E27 /* Resources */,
			);
			buildRules = (
			);
			dependencies = (
			);
			fileSystemSynchronizedGroups = (
				75C7BAD32E6CBD6900F83E27 /* BeaconDectector */,
			);
			name = BeaconDectector;
			packageProductDependencies = (
			);
			productName = BeaconDectector;
			productReference = 75C7BAD12E6CBD6900F83E27 /* BeaconDectector.app */;
			productType = "com.apple.product-type.application";
		};
		75C7BADD2E6CBD6900F83E27 /* BeaconDectectorTests */ = {
			isa = PBXNativeTarget;
			buildConfigurationList = 75C7BAF52E6CBD6A00F83E27 /* Build configuration list for PBXNativeTarget "BeaconDectectorTests" */;
			buildPhases = (
				75C7BADA2E6CBD6900F83E27 /* Sources */,
				75C7BADB2E6CBD6900F83E27 /* Frameworks */,
				75C7BADC2E6CBD6900F83E27 /* Resources */,
			);
			buildRules = (
			);
			dependencies = (
				75C7BAE02E6CBD6900F83E27 /* PBXTargetDependency */,
			);
			fileSystemSynchronizedGroups = (
				75C7BAE12E6CBD6900F83E27 /* BeaconDectectorTests */,
			);
			name = BeaconDectectorTests;
			packageProductDependencies = (
			);
			productName = BeaconDectectorTests;
			productReference = 75C7BADE2E6CBD6900F83E27 /* BeaconDectectorTests.xctest */;
			productType = "com.apple.product-type.bundle.unit-test";
		};
		75C7BAE72E6CBD6A00F83E27 /* BeaconDectectorUITests */ = {
			isa = PBXNativeTarget;
			buildConfigurationList = 75C7BAF82E6CBD6A00F83E27 /* Build configuration list for PBXNativeTarget "BeaconDectectorUITests" */;
			buildPhases = (
				75C7BAE42E6CBD6A00F83E27 /* Sources */,
				75C7BAE52E6CBD6A00F83E27 /* Frameworks */,
				75C7BAE62E6CBD6A00F83E27 /* Resources */,
			);
			buildRules = (
			);
			dependencies = (
				75C7BAEA2E6CBD6A00F83E27 /* PBXTargetDependency */,
			);
			fileSystemSynchronizedGroups = (
				75C7BAEB2E6CBD6A00F83E27 /* BeaconDectectorUITests */,
			);
			name = BeaconDectectorUITests;
			packageProductDependencies = (
			);
			productName = BeaconDectectorUITests;
			productReference = 75C7BAE82E6CBD6A00F83E27 /* BeaconDectectorUITests.xctest */;
			productType = "com.apple.product-type.bundle.ui-testing";
		};
/* End PBXNativeTarget section */

/* Begin PBXProject section */
		75C7BAC92E6CBD6900F83E27 /* Project object */ = {
			isa = PBXProject;
			attributes = {
				BuildIndependentTargetsInParallel = 1;
				LastSwiftUpdateCheck = 1640;
				LastUpgradeCheck = 1640;
				TargetAttributes = {
					75C7BAD02E6CBD6900F83E27 = {
						CreatedOnToolsVersion = 16.4;
					};
					75C7BADD2E6CBD6900F83E27 = {
						CreatedOnToolsVersion = 16.4;
						TestTargetID = 75C7BAD02E6CBD6900F83E27;
					};
					75C7BAE72E6CBD6A00F83E27 = {
						CreatedOnToolsVersion = 16.4;
						TestTargetID = 75C7BAD02E6CBD6900F83E27;
					};
				};
			};
			buildConfigurationList = 75C7BACC2E6CBD6900F83E27 /* Build configuration list for PBXProject "BeaconDectector" */;
			developmentRegion = en;
			hasScannedForEncodings = 0;
			knownRegions = (
				en,
				Base,
			);
			mainGroup = 75C7BAC82E6CBD6900F83E27;
			minimizedProjectReferenceProxies = 1;
			preferredProjectObjectVersion = 77;
			productRefGroup = 75C7BAD22E6CBD6900F83E27 /* Products */;
			projectDirPath = "";
			projectRoot = "";
			targets = (
				75C7BAD02E6CBD6900F83E27 /* BeaconDectector */,
				75C7BADD2E6CBD6900F83E27 /* BeaconDectectorTests */,
				75C7BAE72E6CBD6A00F83E27 /* BeaconDectectorUITests */,
			);
		};
/* End PBXProject section */

/* Begin PBXResourcesBuildPhase section */
		75C7BACF2E6CBD6900F83E27 /* Resources */ = {
			isa = PBXResourcesBuildPhase;
			buildActionMask = 2147483647;
			files = (
			);
			runOnlyForDeploymentPostprocessing = 0;
		};
		75C7BADC2E6CBD6900F83E27 /* Resources */ = {
			isa = PBXResourcesBuildPhase;
			buildActionMask = 2147483647;
			files = (
			);
			runOnlyForDeploymentPostprocessing = 0;
		};
		75C7BAE62E6CBD6A00F83E27 /* Resources */ = {
			isa = PBXResourcesBuildPhase;
			buildActionMask = 2147483647;
			files = (
			);
			runOnlyForDeploymentPostprocessing = 0;
		};
/* End PBXResourcesBuildPhase section */

/* Begin PBXSourcesBuildPhase section */
		75C7BACD2E6CBD6900F83E27 /* Sources */ = {
			isa = PBXSourcesBuildPhase;
			buildActionMask = 2147483647;
			files = (
			);
			runOnlyForDeploymentPostprocessing = 0;
		};
		75C7BADA2E6CBD6900F83E27 /* Sources */ = {
			isa = PBXSourcesBuildPhase;
			buildActionMask = 2147483647;
			files = (
			);
			runOnlyForDeploymentPostprocessing = 0;
		};
		75C7BAE42E6CBD6A00F83E27 /* Sources */ = {
			isa = PBXSourcesBuildPhase;
			buildActionMask = 2147483647;
			files = (
			);
			runOnlyForDeploymentPostprocessing = 0;
		};
/* End PBXSourcesBuildPhase section */

/* Begin PBXTargetDependency section */
		75C7BAE02E6CBD6900F83E27 /* PBXTargetDependency */ = {
			isa = PBXTargetDependency;
			target = 75C7BAD02E6CBD6900F83E27 /* BeaconDectector */;
			targetProxy = 75C7BADF2E6CBD6900F83E27 /* PBXContainerItemProxy */;
		};
		75C7BAEA2E6CBD6A00F83E27 /* PBXTargetDependency */ = {
			isa = PBXTargetDependency;
			target = 75C7BAD02E6CBD6900F83E27 /* BeaconDectector */;
			targetProxy = 75C7BAE92E6CBD6A00F83E27 /* PBXContainerItemProxy */;
		};
/* End PBXTargetDependency section */

/* Begin XCBuildConfiguration section */
		75C7BAF02E6CBD6A00F83E27 /* Debug */ = {
			isa = XCBuildConfiguration;
			buildSettings = {
				ALWAYS_SEARCH_USER_PATHS = NO;
				ASSETCATALOG_COMPILER_GENERATE_SWIFT_ASSET_SYMBOL_EXTENSIONS = YES;
				CLANG_ANALYZER_NONNULL = YES;
				CLANG_ANALYZER_NUMBER_OBJECT_CONVERSION = YES_AGGRESSIVE;
				CLANG_CXX_LANGUAGE_STANDARD = "gnu++20";
				CLANG_ENABLE_MODULES = YES;
				CLANG_ENABLE_OBJC_ARC = YES;
				CLANG_ENABLE_OBJC_WEAK = YES;
				CLANG_WARN_BLOCK_CAPTURE_AUTORELEASING = YES;
				CLANG_WARN_BOOL_CONVERSION = YES;
				CLANG_WARN_COMMA = YES;
				CLANG_WARN_CONSTANT_CONVERSION = YES;
				CLANG_WARN_DEPRECATED_OBJC_IMPLEMENTATIONS = YES;
				CLANG_WARN_DIRECT_OBJC_ISA_USAGE = YES_ERROR;
				CLANG_WARN_DOCUMENTATION_COMMENTS = YES;
				CLANG_WARN_EMPTY_BODY = YES;
				CLANG_WARN_ENUM_CONVERSION = YES;
				CLANG_WARN_INFINITE_RECURSION = YES;
				CLANG_WARN_INT_CONVERSION = YES;
				CLANG_WARN_NON_LITERAL_NULL_CONVERSION = YES;
				CLANG_WARN_OBJC_IMPLICIT_RETAIN_SELF = YES;
				CLANG_WARN_OBJC_LITERAL_CONVERSION = YES;
				CLANG_WARN_OBJC_ROOT_CLASS = YES_ERROR;
				CLANG_WARN_QUOTED_INCLUDE_IN_FRAMEWORK_HEADER = YES;
				CLANG_WARN_RANGE_LOOP_ANALYSIS = YES;
				CLANG_WARN_STRICT_PROTOTYPES = YES;
				CLANG_WARN_SUSPICIOUS_MOVE = YES;
				CLANG_WARN_UNGUARDED_AVAILABILITY = YES_AGGRESSIVE;
				CLANG_WARN_UNREACHABLE_CODE = YES;
				CLANG_WARN__DUPLICATE_METHOD_MATCH = YES;
				COPY_PHASE_STRIP = NO;
				DEBUG_INFORMATION_FORMAT = dwarf;
				DEVELOPMENT_TEAM = 927Y99SGRM;
				ENABLE_STRICT_OBJC_MSGSEND = YES;
				ENABLE_TESTABILITY = YES;
				ENABLE_USER_SCRIPT_SANDBOXING = YES;
				GCC_C_LANGUAGE_STANDARD = gnu17;
				GCC_DYNAMIC_NO_PIC = NO;
				GCC_NO_COMMON_BLOCKS = YES;
				GCC_OPTIMIZATION_LEVEL = 0;
				GCC_PREPROCESSOR_DEFINITIONS = (
					"DEBUG=1",
					"$(inherited)",
				);
				GCC_WARN_64_TO_32_BIT_CONVERSION = YES;
				GCC_WARN_ABOUT_RETURN_TYPE = YES_ERROR;
				GCC_WARN_UNDECLARED_SELECTOR = YES;
				GCC_WARN_UNINITIALIZED_AUTOS = YES_AGGRESSIVE;
				GCC_WARN_UNUSED_FUNCTION = YES;
				GCC_WARN_UNUSED_VARIABLE = YES;
				IPHONEOS_DEPLOYMENT_TARGET = 18.5;
				LOCALIZATION_PREFERS_STRING_CATALOGS = YES;
				MTL_ENABLE_DEBUG_INFO = INCLUDE_SOURCE;
				MTL_FAST_MATH = YES;
				ONLY_ACTIVE_ARCH = YES;
				SDKROOT = iphoneos;
				SWIFT_ACTIVE_COMPILATION_CONDITIONS = "DEBUG $(inherited)";
				SWIFT_OPTIMIZATION_LEVEL = "-Onone";
			};
			name = Debug;
		};
		75C7BAF12E6CBD6A00F83E27 /* Release */ = {
			isa = XCBuildConfiguration;
			buildSettings = {
				ALWAYS_SEARCH_USER_PATHS = NO;
				ASSETCATALOG_COMPILER_GENERATE_SWIFT_ASSET_SYMBOL_EXTENSIONS = YES;
				CLANG_ANALYZER_NONNULL = YES;
				CLANG_ANALYZER_NUMBER_OBJECT_CONVERSION = YES_AGGRESSIVE;
				CLANG_CXX_LANGUAGE_STANDARD = "gnu++20";
				CLANG_ENABLE_MODULES = YES;
				CLANG_ENABLE_OBJC_ARC = YES;
				CLANG_ENABLE_OBJC_WEAK = YES;
				CLANG_WARN_BLOCK_CAPTURE_AUTORELEASING = YES;
				CLANG_WARN_BOOL_CONVERSION = YES;
				CLANG_WARN_COMMA = YES;
				CLANG_WARN_CONSTANT_CONVERSION = YES;
				CLANG_WARN_DEPRECATED_OBJC_IMPLEMENTATIONS = YES;
				CLANG_WARN_DIRECT_OBJC_ISA_USAGE = YES_ERROR;
				CLANG_WARN_DOCUMENTATION_COMMENTS = YES;
				CLANG_WARN_EMPTY_BODY = YES;
				CLANG_WARN_ENUM_CONVERSION = YES;
				CLANG_WARN_INFINITE_RECURSION = YES;
				CLANG_WARN_INT_CONVERSION = YES;
				CLANG_WARN_NON_LITERAL_NULL_CONVERSION = YES;
				CLANG_WARN_OBJC_IMPLICIT_RETAIN_SELF = YES;
				CLANG_WARN_OBJC_LITERAL_CONVERSION = YES;
				CLANG_WARN_OBJC_ROOT_CLASS = YES_ERROR;
				CLANG_WARN_QUOTED_INCLUDE_IN_FRAMEWORK_HEADER = YES;
				CLANG_WARN_RANGE_LOOP_ANALYSIS = YES;
				CLANG_WARN_STRICT_PROTOTYPES = YES;
				CLANG_WARN_SUSPICIOUS_MOVE = YES;
				CLANG_WARN_UNGUARDED_AVAILABILITY = YES_AGGRESSIVE;
				CLANG_WARN_UNREACHABLE_CODE = YES;
				CLANG_WARN__DUPLICATE_METHOD_MATCH = YES;
				COPY_PHASE_STRIP = NO;
				DEBUG_INFORMATION_FORMAT = "dwarf-with-dsym";
				DEVELOPMENT_TEAM = 927Y99SGRM;
				ENABLE_NS_ASSERTIONS = NO;
				ENABLE_STRICT_OBJC_MSGSEND = YES;
				ENABLE_USER_SCRIPT_SANDBOXING = YES;
				GCC_C_LANGUAGE_STANDARD = gnu17;
				GCC_NO_COMMON_BLOCKS = YES;
				GCC_WARN_64_TO_32_BIT_CONVERSION = YES;
				GCC_WARN_ABOUT_RETURN_TYPE = YES_ERROR;
				GCC_WARN_UNDECLARED_SELECTOR = YES;
				GCC_WARN_UNINITIALIZED_AUTOS = YES_AGGRESSIVE;
				GCC_WARN_UNUSED_FUNCTION = YES;
				GCC_WARN_UNUSED_VARIABLE = YES;
				IPHONEOS_DEPLOYMENT_TARGET = 18.5;
				LOCALIZATION_PREFERS_STRING_CATALOGS = YES;
				MTL_ENABLE_DEBUG_INFO = NO;
				MTL_FAST_MATH = YES;
				SDKROOT = iphoneos;
				SWIFT_COMPILATION_MODE = wholemodule;
				VALIDATE_PRODUCT = YES;
			};
			name = Release;
		};
		75C7BAF32E6CBD6A00F83E27 /* Debug */ = {
			isa = XCBuildConfiguration;
			buildSettings = {
				ASSETCATALOG_COMPILER_APPICON_NAME = AppIcon;
				ASSETCATALOG_COMPILER_GLOBAL_ACCENT_COLOR_NAME = AccentColor;
				CODE_SIGN_STYLE = Automatic;
				CURRENT_PROJECT_VERSION = 1;
				DEVELOPMENT_TEAM = 927Y99SGRM;
				ENABLE_PREVIEWS = YES;
				GENERATE_INFOPLIST_FILE = YES;
				INFOPLIST_KEY_UIApplicationSceneManifest_Generation = YES;
				INFOPLIST_KEY_UIApplicationSupportsIndirectInputEvents = YES;
				INFOPLIST_KEY_UILaunchScreen_Generation = YES;
				INFOPLIST_KEY_UISupportedInterfaceOrientations_iPad = "UIInterfaceOrientationPortrait UIInterfaceOrientationPortraitUpsideDown UIInterfaceOrientationLandscapeLeft UIInterfaceOrientationLandscapeRight";
				INFOPLIST_KEY_UISupportedInterfaceOrientations_iPhone = "UIInterfaceOrientationPortrait UIInterfaceOrientationLandscapeLeft UIInterfaceOrientationLandscapeRight";
				LD_RUNPATH_SEARCH_PATHS = (
					"$(inherited)",
					"@executable_path/Frameworks",
				);
				MARKETING_VERSION = 1.0;
				PRODUCT_BUNDLE_IDENTIFIER = acruz.BeaconDectector;
				PRODUCT_NAME = "$(TARGET_NAME)";
				SWIFT_EMIT_LOC_STRINGS = YES;
				SWIFT_VERSION = 5.0;
				TARGETED_DEVICE_FAMILY = "1,2";
			};
			name = Debug;
		};
		75C7BAF42E6CBD6A00F83E27 /* Release */ = {
			isa = XCBuildConfiguration;
			buildSettings = {
				ASSETCATALOG_COMPILER_APPICON_NAME = AppIcon;
				ASSETCATALOG_COMPILER_GLOBAL_ACCENT_COLOR_NAME = AccentColor;
				CODE_SIGN_STYLE = Automatic;
				CURRENT_PROJECT_VERSION = 1;
				DEVELOPMENT_TEAM = 927Y99SGRM;
				ENABLE_PREVIEWS = YES;
				GENERATE_INFOPLIST_FILE = YES;
				INFOPLIST_KEY_UIApplicationSceneManifest_Generation = YES;
				INFOPLIST_KEY_UIApplicationSupportsIndirectInputEvents = YES;
				INFOPLIST_KEY_UILaunchScreen_Generation = YES;
				INFOPLIST_KEY_UISupportedInterfaceOrientations_iPad = "UIInterfaceOrientationPortrait UIInterfaceOrientationPortraitUpsideDown UIInterfaceOrientationLandscapeLeft UIInterfaceOrientationLandscapeRight";
				INFOPLIST_KEY_UISupportedInterfaceOrientations_iPhone = "UIInterfaceOrientationPortrait UIInterfaceOrientationLandscapeLeft UIInterfaceOrientationLandscapeRight";
				LD_RUNPATH_SEARCH_PATHS = (
					"$(inherited)",
					"@executable_path/Frameworks",
				);
				MARKETING_VERSION = 1.0;
				PRODUCT_BUNDLE_IDENTIFIER = acruz.BeaconDectector;
				PRODUCT_NAME = "$(TARGET_NAME)";
				SWIFT_EMIT_LOC_STRINGS = YES;
				SWIFT_VERSION = 5.0;
				TARGETED_DEVICE_FAMILY = "1,2";
			};
			name = Release;
		};
		75C7BAF62E6CBD6A00F83E27 /* Debug */ = {
			isa = XCBuildConfiguration;
			buildSettings = {
				BUNDLE_LOADER = "$(TEST_HOST)";
				CODE_SIGN_STYLE = Automatic;
				CURRENT_PROJECT_VERSION = 1;
				DEVELOPMENT_TEAM = 927Y99SGRM;
				GENERATE_INFOPLIST_FILE = YES;
				IPHONEOS_DEPLOYMENT_TARGET = 18.5;
				MARKETING_VERSION = 1.0;
				PRODUCT_BUNDLE_IDENTIFIER = acruz.BeaconDectectorTests;
				PRODUCT_NAME = "$(TARGET_NAME)";
				SWIFT_EMIT_LOC_STRINGS = NO;
				SWIFT_VERSION = 5.0;
				TARGETED_DEVICE_FAMILY = "1,2";
				TEST_HOST = "$(BUILT_PRODUCTS_DIR)/BeaconDectector.app/$(BUNDLE_EXECUTABLE_FOLDER_PATH)/BeaconDectector";
			};
			name = Debug;
		};
		75C7BAF72E6CBD6A00F83E27 /* Release */ = {
			isa = XCBuildConfiguration;
			buildSettings = {
				BUNDLE_LOADER = "$(TEST_HOST)";
				CODE_SIGN_STYLE = Automatic;
				CURRENT_PROJECT_VERSION = 1;
				DEVELOPMENT_TEAM = 927Y99SGRM;
				GENERATE_INFOPLIST_FILE = YES;
				IPHONEOS_DEPLOYMENT_TARGET = 18.5;
				MARKETING_VERSION = 1.0;
				PRODUCT_BUNDLE_IDENTIFIER = acruz.BeaconDectectorTests;
				PRODUCT_NAME = "$(TARGET_NAME)";
				SWIFT_EMIT_LOC_STRINGS = NO;
				SWIFT_VERSION = 5.0;
				TARGETED_DEVICE_FAMILY = "1,2";
				TEST_HOST = "$(BUILT_PRODUCTS_DIR)/BeaconDectector.app/$(BUNDLE_EXECUTABLE_FOLDER_PATH)/BeaconDectector";
			};
			name = Release;
		};
		75C7BAF92E6CBD6A00F83E27 /* Debug */ = {
			isa = XCBuildConfiguration;
			buildSettings = {
				CODE_SIGN_STYLE = Automatic;
				CURRENT_PROJECT_VERSION = 1;
				DEVELOPMENT_TEAM = 927Y99SGRM;
				GENERATE_INFOPLIST_FILE = YES;
				MARKETING_VERSION = 1.0;
				PRODUCT_BUNDLE_IDENTIFIER = acruz.BeaconDectectorUITests;
				PRODUCT_NAME = "$(TARGET_NAME)";
				SWIFT_EMIT_LOC_STRINGS = NO;
				SWIFT_VERSION = 5.0;
				TARGETED_DEVICE_FAMILY = "1,2";
				TEST_TARGET_NAME = BeaconDectector;
			};
			name = Debug;
		};
		75C7BAFA2E6CBD6A00F83E27 /* Release */ = {
			isa = XCBuildConfiguration;
			buildSettings = {
				CODE_SIGN_STYLE = Automatic;
				CURRENT_PROJECT_VERSION = 1;
				DEVELOPMENT_TEAM = 927Y99SGRM;
				GENERATE_INFOPLIST_FILE = YES;
				MARKETING_VERSION = 1.0;
				PRODUCT_BUNDLE_IDENTIFIER = acruz.BeaconDectectorUITests;
				PRODUCT_NAME = "$(TARGET_NAME)";
				SWIFT_EMIT_LOC_STRINGS = NO;
				SWIFT_VERSION = 5.0;
				TARGETED_DEVICE_FAMILY = "1,2";
				TEST_TARGET_NAME = BeaconDectector;
			};
			name = Release;
		};
/* End XCBuildConfiguration section */

/* Begin XCConfigurationList section */
		75C7BACC2E6CBD6900F83E27 /* Build configuration list for PBXProject "BeaconDectector" */ = {
			isa = XCConfigurationList;
			buildConfigurations = (
				75C7BAF02E6CBD6A00F83E27 /* Debug */,
				75C7BAF12E6CBD6A00F83E27 /* Release */,
			);
			defaultConfigurationIsVisible = 0;
			defaultConfigurationName = Release;
		};
		75C7BAF22E6CBD6A00F83E27 /* Build configuration list for PBXNativeTarget "BeaconDectector" */ = {
			isa = XCConfigurationList;
			buildConfigurations = (
				75C7BAF32E6CBD6A00F83E27 /* Debug */,
				75C7BAF42E6CBD6A00F83E27 /* Release */,
			);
			defaultConfigurationIsVisible = 0;
			defaultConfigurationName = Release;
		};
		75C7BAF52E6CBD6A00F83E27 /* Build configuration list for PBXNativeTarget "BeaconDectectorTests" */ = {
			isa = XCConfigurationList;
			buildConfigurations = (
				75C7BAF62E6CBD6A00F83E27 /* Debug */,
				75C7BAF72E6CBD6A00F83E27 /* Release */,
			);
			defaultConfigurationIsVisible = 0;
			defaultConfigurationName = Release;
		};
		75C7BAF82E6CBD6A00F83E27 /* Build configuration list for PBXNativeTarget "BeaconDectectorUITests" */ = {
			isa = XCConfigurationList;
			buildConfigurations = (
				75C7BAF92E6CBD6A00F83E27 /* Debug */,
				75C7BAFA2E6CBD6A00F83E27 /* Release */,
			);
			defaultConfigurationIsVisible = 0;
			defaultConfigurationName = Release;
		};
/* End XCConfigurationList section */
	};
	rootObject = 75C7BAC92E6CBD6900F83E27 /* Project object */;
}
